// !$*UTF8*$!
{
	archiveVersion = 1;
	classes = {
	};
	objectVersion = 46;
	objects = {

/* Begin PBXBuildFile section */
		32363177CA48C65C0B414AC7 /* Pods_ZRSAdPicView_Tests.framework in Frameworks */ = {isa = PBXBuildFile; fileRef = 15528FE6369F8B21B5FD5ACD /* Pods_ZRSAdPicView_Tests.framework */; };
		6003F58E195388D20070C39A /* Foundation.framework in Frameworks */ = {isa = PBXBuildFile; fileRef = 6003F58D195388D20070C39A /* Foundation.framework */; };
		6003F590195388D20070C39A /* CoreGraphics.framework in Frameworks */ = {isa = PBXBuildFile; fileRef = 6003F58F195388D20070C39A /* CoreGraphics.framework */; };
		6003F592195388D20070C39A /* UIKit.framework in Frameworks */ = {isa = PBXBuildFile; fileRef = 6003F591195388D20070C39A /* UIKit.framework */; };
		6003F598195388D20070C39A /* InfoPlist.strings in Resources */ = {isa = PBXBuildFile; fileRef = 6003F596195388D20070C39A /* InfoPlist.strings */; };
		6003F59A195388D20070C39A /* main.m in Sources */ = {isa = PBXBuildFile; fileRef = 6003F599195388D20070C39A /* main.m */; };
		6003F59E195388D20070C39A /* ZRSAppDelegate.m in Sources */ = {isa = PBXBuildFile; fileRef = 6003F59D195388D20070C39A /* ZRSAppDelegate.m */; };
		6003F5A7195388D20070C39A /* ZRSViewController.m in Sources */ = {isa = PBXBuildFile; fileRef = 6003F5A6195388D20070C39A /* ZRSViewController.m */; };
		6003F5A9195388D20070C39A /* Images.xcassets in Resources */ = {isa = PBXBuildFile; fileRef = 6003F5A8195388D20070C39A /* Images.xcassets */; };
		6003F5B0195388D20070C39A /* XCTest.framework in Frameworks */ = {isa = PBXBuildFile; fileRef = 6003F5AF195388D20070C39A /* XCTest.framework */; };
		6003F5B1195388D20070C39A /* Foundation.framework in Frameworks */ = {isa = PBXBuildFile; fileRef = 6003F58D195388D20070C39A /* Foundation.framework */; };
		6003F5B2195388D20070C39A /* UIKit.framework in Frameworks */ = {isa = PBXBuildFile; fileRef = 6003F591195388D20070C39A /* UIKit.framework */; };
		6003F5BA195388D20070C39A /* InfoPlist.strings in Resources */ = {isa = PBXBuildFile; fileRef = 6003F5B8195388D20070C39A /* InfoPlist.strings */; };
		6003F5BC195388D20070C39A /* Tests.m in Sources */ = {isa = PBXBuildFile; fileRef = 6003F5BB195388D20070C39A /* Tests.m */; };
		65EEF71DE157314FB981D8B8 /* Pods_ZRSAdPicView_Example.framework in Frameworks */ = {isa = PBXBuildFile; fileRef = AB21A5151667F7979CD39D47 /* Pods_ZRSAdPicView_Example.framework */; };
		71719F9F1E33DC2100824A3D /* LaunchScreen.storyboard in Resources */ = {isa = PBXBuildFile; fileRef = 71719F9D1E33DC2100824A3D /* LaunchScreen.storyboard */; };
		84DE7EE3209FE8AE002E0D15 /* ZRSAdPicView.m in Sources */ = {isa = PBXBuildFile; fileRef = 84DE7EE2209FE8AE002E0D15 /* ZRSAdPicView.m */; };
		84DE7EE620A02D77002E0D15 /* ZRSAdPicModel.m in Sources */ = {isa = PBXBuildFile; fileRef = 84DE7EE520A02D77002E0D15 /* ZRSAdPicModel.m */; };
		84DE7F0820A02F4C002E0D15 /* LICENSE in Resources */ = {isa = PBXBuildFile; fileRef = 84DE7EE820A02F4C002E0D15 /* LICENSE */; };
		84DE7F0920A02F4C002E0D15 /* README.md in Resources */ = {isa = PBXBuildFile; fileRef = 84DE7EE920A02F4C002E0D15 /* README.md */; };
		84DE7F0A20A02F4C002E0D15 /* NSData+ImageContentType.m in Sources */ = {isa = PBXBuildFile; fileRef = 84DE7EEC20A02F4C002E0D15 /* NSData+ImageContentType.m */; };
		84DE7F0B20A02F4C002E0D15 /* SDImageCache.m in Sources */ = {isa = PBXBuildFile; fileRef = 84DE7EEE20A02F4C002E0D15 /* SDImageCache.m */; };
		84DE7F0C20A02F4C002E0D15 /* SDWebImageCompat.m in Sources */ = {isa = PBXBuildFile; fileRef = 84DE7EF020A02F4C002E0D15 /* SDWebImageCompat.m */; };
		84DE7F0D20A02F4C002E0D15 /* SDWebImageDecoder.m in Sources */ = {isa = PBXBuildFile; fileRef = 84DE7EF220A02F4C002E0D15 /* SDWebImageDecoder.m */; };
		84DE7F0E20A02F4C002E0D15 /* SDWebImageDownloader.m in Sources */ = {isa = PBXBuildFile; fileRef = 84DE7EF420A02F4C002E0D15 /* SDWebImageDownloader.m */; };
		84DE7F0F20A02F4C002E0D15 /* SDWebImageDownloaderOperation.m in Sources */ = {isa = PBXBuildFile; fileRef = 84DE7EF620A02F4C002E0D15 /* SDWebImageDownloaderOperation.m */; };
		84DE7F1020A02F4C002E0D15 /* SDWebImageManager.m in Sources */ = {isa = PBXBuildFile; fileRef = 84DE7EF820A02F4C002E0D15 /* SDWebImageManager.m */; };
		84DE7F1120A02F4C002E0D15 /* SDWebImagePrefetcher.m in Sources */ = {isa = PBXBuildFile; fileRef = 84DE7EFB20A02F4C002E0D15 /* SDWebImagePrefetcher.m */; };
		84DE7F1220A02F4C002E0D15 /* UIButton+WebCache.m in Sources */ = {isa = PBXBuildFile; fileRef = 84DE7EFD20A02F4C002E0D15 /* UIButton+WebCache.m */; };
		84DE7F1320A02F4C002E0D15 /* UIImage+GIF.m in Sources */ = {isa = PBXBuildFile; fileRef = 84DE7EFF20A02F4C002E0D15 /* UIImage+GIF.m */; };
		84DE7F1420A02F4C002E0D15 /* UIImage+MultiFormat.m in Sources */ = {isa = PBXBuildFile; fileRef = 84DE7F0120A02F4C002E0D15 /* UIImage+MultiFormat.m */; };
		84DE7F1520A02F4C002E0D15 /* UIImageView+HighlightedWebCache.m in Sources */ = {isa = PBXBuildFile; fileRef = 84DE7F0320A02F4C002E0D15 /* UIImageView+HighlightedWebCache.m */; };
		84DE7F1620A02F4C002E0D15 /* UIImageView+WebCache.m in Sources */ = {isa = PBXBuildFile; fileRef = 84DE7F0520A02F4C002E0D15 /* UIImageView+WebCache.m */; };
		84DE7F1720A02F4C002E0D15 /* UIView+WebCacheOperation.m in Sources */ = {isa = PBXBuildFile; fileRef = 84DE7F0720A02F4C002E0D15 /* UIView+WebCacheOperation.m */; };
		873B8AEB1B1F5CCA007FD442 /* Main.storyboard in Resources */ = {isa = PBXBuildFile; fileRef = 873B8AEA1B1F5CCA007FD442 /* Main.storyboard */; };
/* End PBXBuildFile section */

/* Begin PBXContainerItemProxy section */
		6003F5B3195388D20070C39A /* PBXContainerItemProxy */ = {
			isa = PBXContainerItemProxy;
			containerPortal = 6003F582195388D10070C39A /* Project object */;
			proxyType = 1;
			remoteGlobalIDString = 6003F589195388D20070C39A;
			remoteInfo = ZRSAdPicView;
		};
/* End PBXContainerItemProxy section */

/* Begin PBXFileReference section */
		0A92CF57C53327894A0A51BE /* Pods-ZRSAdPicView_Tests.release.xcconfig */ = {isa = PBXFileReference; includeInIndex = 1; lastKnownFileType = text.xcconfig; name = "Pods-ZRSAdPicView_Tests.release.xcconfig"; path = "Pods/Target Support Files/Pods-ZRSAdPicView_Tests/Pods-ZRSAdPicView_Tests.release.xcconfig"; sourceTree = "<group>"; };
		15528FE6369F8B21B5FD5ACD /* Pods_ZRSAdPicView_Tests.framework */ = {isa = PBXFileReference; explicitFileType = wrapper.framework; includeInIndex = 0; path = Pods_ZRSAdPicView_Tests.framework; sourceTree = BUILT_PRODUCTS_DIR; };
		1C9CF7E21E66DB4D5EF7362A /* README.md */ = {isa = PBXFileReference; includeInIndex = 1; lastKnownFileType = net.daringfireball.markdown; name = README.md; path = ../README.md; sourceTree = "<group>"; };
		3218A96FE7329E13CBBE57BA /* LICENSE */ = {isa = PBXFileReference; includeInIndex = 1; lastKnownFileType = text; name = LICENSE; path = ../LICENSE; sourceTree = "<group>"; };
		4A66E52BE14CCC6268F3A228 /* ZRSAdPicView.podspec */ = {isa = PBXFileReference; includeInIndex = 1; lastKnownFileType = text; name = ZRSAdPicView.podspec; path = ../ZRSAdPicView.podspec; sourceTree = "<group>"; xcLanguageSpecificationIdentifier = xcode.lang.ruby; };
		6003F58A195388D20070C39A /* ZRSAdPicView_Example.app */ = {isa = PBXFileReference; explicitFileType = wrapper.application; includeInIndex = 0; path = ZRSAdPicView_Example.app; sourceTree = BUILT_PRODUCTS_DIR; };
		6003F58D195388D20070C39A /* Foundation.framework */ = {isa = PBXFileReference; lastKnownFileType = wrapper.framework; name = Foundation.framework; path = System/Library/Frameworks/Foundation.framework; sourceTree = SDKROOT; };
		6003F58F195388D20070C39A /* CoreGraphics.framework */ = {isa = PBXFileReference; lastKnownFileType = wrapper.framework; name = CoreGraphics.framework; path = System/Library/Frameworks/CoreGraphics.framework; sourceTree = SDKROOT; };
		6003F591195388D20070C39A /* UIKit.framework */ = {isa = PBXFileReference; lastKnownFileType = wrapper.framework; name = UIKit.framework; path = System/Library/Frameworks/UIKit.framework; sourceTree = SDKROOT; };
		6003F595195388D20070C39A /* ZRSAdPicView-Info.plist */ = {isa = PBXFileReference; lastKnownFileType = text.plist.xml; path = "ZRSAdPicView-Info.plist"; sourceTree = "<group>"; };
		6003F597195388D20070C39A /* en */ = {isa = PBXFileReference; lastKnownFileType = text.plist.strings; name = en; path = en.lproj/InfoPlist.strings; sourceTree = "<group>"; };
		6003F599195388D20070C39A /* main.m */ = {isa = PBXFileReference; lastKnownFileType = sourcecode.c.objc; path = main.m; sourceTree = "<group>"; };
		6003F59B195388D20070C39A /* ZRSAdPicView-Prefix.pch */ = {isa = PBXFileReference; lastKnownFileType = sourcecode.c.h; path = "ZRSAdPicView-Prefix.pch"; sourceTree = "<group>"; };
		6003F59C195388D20070C39A /* ZRSAppDelegate.h */ = {isa = PBXFileReference; lastKnownFileType = sourcecode.c.h; path = ZRSAppDelegate.h; sourceTree = "<group>"; };
		6003F59D195388D20070C39A /* ZRSAppDelegate.m */ = {isa = PBXFileReference; lastKnownFileType = sourcecode.c.objc; path = ZRSAppDelegate.m; sourceTree = "<group>"; };
		6003F5A5195388D20070C39A /* ZRSViewController.h */ = {isa = PBXFileReference; lastKnownFileType = sourcecode.c.h; path = ZRSViewController.h; sourceTree = "<group>"; };
		6003F5A6195388D20070C39A /* ZRSViewController.m */ = {isa = PBXFileReference; lastKnownFileType = sourcecode.c.objc; path = ZRSViewController.m; sourceTree = "<group>"; };
		6003F5A8195388D20070C39A /* Images.xcassets */ = {isa = PBXFileReference; lastKnownFileType = folder.assetcatalog; path = Images.xcassets; sourceTree = "<group>"; };
		6003F5AE195388D20070C39A /* ZRSAdPicView_Tests.xctest */ = {isa = PBXFileReference; explicitFileType = wrapper.cfbundle; includeInIndex = 0; path = ZRSAdPicView_Tests.xctest; sourceTree = BUILT_PRODUCTS_DIR; };
		6003F5AF195388D20070C39A /* XCTest.framework */ = {isa = PBXFileReference; lastKnownFileType = wrapper.framework; name = XCTest.framework; path = Library/Frameworks/XCTest.framework; sourceTree = DEVELOPER_DIR; };
		6003F5B7195388D20070C39A /* Tests-Info.plist */ = {isa = PBXFileReference; lastKnownFileType = text.plist.xml; path = "Tests-Info.plist"; sourceTree = "<group>"; };
		6003F5B9195388D20070C39A /* en */ = {isa = PBXFileReference; lastKnownFileType = text.plist.strings; name = en; path = en.lproj/InfoPlist.strings; sourceTree = "<group>"; };
		6003F5BB195388D20070C39A /* Tests.m */ = {isa = PBXFileReference; lastKnownFileType = sourcecode.c.objc; path = Tests.m; sourceTree = "<group>"; };
		606FC2411953D9B200FFA9A0 /* Tests-Prefix.pch */ = {isa = PBXFileReference; lastKnownFileType = sourcecode.c.h; path = "Tests-Prefix.pch"; sourceTree = "<group>"; };
		71719F9E1E33DC2100824A3D /* Base */ = {isa = PBXFileReference; lastKnownFileType = file.storyboard; name = Base; path = Base.lproj/LaunchScreen.storyboard; sourceTree = "<group>"; };
		814B1ABB04423577D6D23CDD /* Pods-ZRSAdPicView_Example.release.xcconfig */ = {isa = PBXFileReference; includeInIndex = 1; lastKnownFileType = text.xcconfig; name = "Pods-ZRSAdPicView_Example.release.xcconfig"; path = "Pods/Target Support Files/Pods-ZRSAdPicView_Example/Pods-ZRSAdPicView_Example.release.xcconfig"; sourceTree = "<group>"; };
		84DE7EE0209FE89A002E0D15 /* ZRSAdPicProtocol.h */ = {isa = PBXFileReference; lastKnownFileType = sourcecode.c.h; path = ZRSAdPicProtocol.h; sourceTree = "<group>"; };
		84DE7EE1209FE8AE002E0D15 /* ZRSAdPicView.h */ = {isa = PBXFileReference; lastKnownFileType = sourcecode.c.h; path = ZRSAdPicView.h; sourceTree = "<group>"; };
		84DE7EE2209FE8AE002E0D15 /* ZRSAdPicView.m */ = {isa = PBXFileReference; lastKnownFileType = sourcecode.c.objc; path = ZRSAdPicView.m; sourceTree = "<group>"; };
		84DE7EE420A02D77002E0D15 /* ZRSAdPicModel.h */ = {isa = PBXFileReference; lastKnownFileType = sourcecode.c.h; path = ZRSAdPicModel.h; sourceTree = "<group>"; };
		84DE7EE520A02D77002E0D15 /* ZRSAdPicModel.m */ = {isa = PBXFileReference; lastKnownFileType = sourcecode.c.objc; path = ZRSAdPicModel.m; sourceTree = "<group>"; };
		84DE7EE820A02F4C002E0D15 /* LICENSE */ = {isa = PBXFileReference; fileEncoding = 4; lastKnownFileType = text; path = LICENSE; sourceTree = "<group>"; };
		84DE7EE920A02F4C002E0D15 /* README.md */ = {isa = PBXFileReference; fileEncoding = 4; lastKnownFileType = net.daringfireball.markdown; path = README.md; sourceTree = "<group>"; };
		84DE7EEB20A02F4C002E0D15 /* NSData+ImageContentType.h */ = {isa = PBXFileReference; fileEncoding = 4; lastKnownFileType = sourcecode.c.h; path = "NSData+ImageContentType.h"; sourceTree = "<group>"; };
		84DE7EEC20A02F4C002E0D15 /* NSData+ImageContentType.m */ = {isa = PBXFileReference; fileEncoding = 4; lastKnownFileType = sourcecode.c.objc; path = "NSData+ImageContentType.m"; sourceTree = "<group>"; };
		84DE7EED20A02F4C002E0D15 /* SDImageCache.h */ = {isa = PBXFileReference; fileEncoding = 4; lastKnownFileType = sourcecode.c.h; path = SDImageCache.h; sourceTree = "<group>"; };
		84DE7EEE20A02F4C002E0D15 /* SDImageCache.m */ = {isa = PBXFileReference; fileEncoding = 4; lastKnownFileType = sourcecode.c.objc; path = SDImageCache.m; sourceTree = "<group>"; };
		84DE7EEF20A02F4C002E0D15 /* SDWebImageCompat.h */ = {isa = PBXFileReference; fileEncoding = 4; lastKnownFileType = sourcecode.c.h; path = SDWebImageCompat.h; sourceTree = "<group>"; };
		84DE7EF020A02F4C002E0D15 /* SDWebImageCompat.m */ = {isa = PBXFileReference; fileEncoding = 4; lastKnownFileType = sourcecode.c.objc; path = SDWebImageCompat.m; sourceTree = "<group>"; };
		84DE7EF120A02F4C002E0D15 /* SDWebImageDecoder.h */ = {isa = PBXFileReference; fileEncoding = 4; lastKnownFileType = sourcecode.c.h; path = SDWebImageDecoder.h; sourceTree = "<group>"; };
		84DE7EF220A02F4C002E0D15 /* SDWebImageDecoder.m */ = {isa = PBXFileReference; fileEncoding = 4; lastKnownFileType = sourcecode.c.objc; path = SDWebImageDecoder.m; sourceTree = "<group>"; };
		84DE7EF320A02F4C002E0D15 /* SDWebImageDownloader.h */ = {isa = PBXFileReference; fileEncoding = 4; lastKnownFileType = sourcecode.c.h; path = SDWebImageDownloader.h; sourceTree = "<group>"; };
		84DE7EF420A02F4C002E0D15 /* SDWebImageDownloader.m */ = {isa = PBXFileReference; fileEncoding = 4; lastKnownFileType = sourcecode.c.objc; path = SDWebImageDownloader.m; sourceTree = "<group>"; };
		84DE7EF520A02F4C002E0D15 /* SDWebImageDownloaderOperation.h */ = {isa = PBXFileReference; fileEncoding = 4; lastKnownFileType = sourcecode.c.h; path = SDWebImageDownloaderOperation.h; sourceTree = "<group>"; };
		84DE7EF620A02F4C002E0D15 /* SDWebImageDownloaderOperation.m */ = {isa = PBXFileReference; fileEncoding = 4; lastKnownFileType = sourcecode.c.objc; path = SDWebImageDownloaderOperation.m; sourceTree = "<group>"; };
		84DE7EF720A02F4C002E0D15 /* SDWebImageManager.h */ = {isa = PBXFileReference; fileEncoding = 4; lastKnownFileType = sourcecode.c.h; path = SDWebImageManager.h; sourceTree = "<group>"; };
		84DE7EF820A02F4C002E0D15 /* SDWebImageManager.m */ = {isa = PBXFileReference; fileEncoding = 4; lastKnownFileType = sourcecode.c.objc; path = SDWebImageManager.m; sourceTree = "<group>"; };
		84DE7EF920A02F4C002E0D15 /* SDWebImageOperation.h */ = {isa = PBXFileReference; fileEncoding = 4; lastKnownFileType = sourcecode.c.h; path = SDWebImageOperation.h; sourceTree = "<group>"; };
		84DE7EFA20A02F4C002E0D15 /* SDWebImagePrefetcher.h */ = {isa = PBXFileReference; fileEncoding = 4; lastKnownFileType = sourcecode.c.h; path = SDWebImagePrefetcher.h; sourceTree = "<group>"; };
		84DE7EFB20A02F4C002E0D15 /* SDWebImagePrefetcher.m */ = {isa = PBXFileReference; fileEncoding = 4; lastKnownFileType = sourcecode.c.objc; path = SDWebImagePrefetcher.m; sourceTree = "<group>"; };
		84DE7EFC20A02F4C002E0D15 /* UIButton+WebCache.h */ = {isa = PBXFileReference; fileEncoding = 4; lastKnownFileType = sourcecode.c.h; path = "UIButton+WebCache.h"; sourceTree = "<group>"; };
		84DE7EFD20A02F4C002E0D15 /* UIButton+WebCache.m */ = {isa = PBXFileReference; fileEncoding = 4; lastKnownFileType = sourcecode.c.objc; path = "UIButton+WebCache.m"; sourceTree = "<group>"; };
		84DE7EFE20A02F4C002E0D15 /* UIImage+GIF.h */ = {isa = PBXFileReference; fileEncoding = 4; lastKnownFileType = sourcecode.c.h; path = "UIImage+GIF.h"; sourceTree = "<group>"; };
		84DE7EFF20A02F4C002E0D15 /* UIImage+GIF.m */ = {isa = PBXFileReference; fileEncoding = 4; lastKnownFileType = sourcecode.c.objc; path = "UIImage+GIF.m"; sourceTree = "<group>"; };
		84DE7F0020A02F4C002E0D15 /* UIImage+MultiFormat.h */ = {isa = PBXFileReference; fileEncoding = 4; lastKnownFileType = sourcecode.c.h; path = "UIImage+MultiFormat.h"; sourceTree = "<group>"; };
		84DE7F0120A02F4C002E0D15 /* UIImage+MultiFormat.m */ = {isa = PBXFileReference; fileEncoding = 4; lastKnownFileType = sourcecode.c.objc; path = "UIImage+MultiFormat.m"; sourceTree = "<group>"; };
		84DE7F0220A02F4C002E0D15 /* UIImageView+HighlightedWebCache.h */ = {isa = PBXFileReference; fileEncoding = 4; lastKnownFileType = sourcecode.c.h; path = "UIImageView+HighlightedWebCache.h"; sourceTree = "<group>"; };
		84DE7F0320A02F4C002E0D15 /* UIImageView+HighlightedWebCache.m */ = {isa = PBXFileReference; fileEncoding = 4; lastKnownFileType = sourcecode.c.objc; path = "UIImageView+HighlightedWebCache.m"; sourceTree = "<group>"; };
		84DE7F0420A02F4C002E0D15 /* UIImageView+WebCache.h */ = {isa = PBXFileReference; fileEncoding = 4; lastKnownFileType = sourcecode.c.h; path = "UIImageView+WebCache.h"; sourceTree = "<group>"; };
		84DE7F0520A02F4C002E0D15 /* UIImageView+WebCache.m */ = {isa = PBXFileReference; fileEncoding = 4; lastKnownFileType = sourcecode.c.objc; path = "UIImageView+WebCache.m"; sourceTree = "<group>"; };
		84DE7F0620A02F4C002E0D15 /* UIView+WebCacheOperation.h */ = {isa = PBXFileReference; fileEncoding = 4; lastKnownFileType = sourcecode.c.h; path = "UIView+WebCacheOperation.h"; sourceTree = "<group>"; };
		84DE7F0720A02F4C002E0D15 /* UIView+WebCacheOperation.m */ = {isa = PBXFileReference; fileEncoding = 4; lastKnownFileType = sourcecode.c.objc; path = "UIView+WebCacheOperation.m"; sourceTree = "<group>"; };
		873B8AEA1B1F5CCA007FD442 /* Main.storyboard */ = {isa = PBXFileReference; fileEncoding = 4; lastKnownFileType = file.storyboard; name = Main.storyboard; path = Base.lproj/Main.storyboard; sourceTree = "<group>"; };
		AB21A5151667F7979CD39D47 /* Pods_ZRSAdPicView_Example.framework */ = {isa = PBXFileReference; explicitFileType = wrapper.framework; includeInIndex = 0; path = Pods_ZRSAdPicView_Example.framework; sourceTree = BUILT_PRODUCTS_DIR; };
		BDDDD59B0C358DB8D5A76078 /* Pods-ZRSAdPicView_Tests.debug.xcconfig */ = {isa = PBXFileReference; includeInIndex = 1; lastKnownFileType = text.xcconfig; name = "Pods-ZRSAdPicView_Tests.debug.xcconfig"; path = "Pods/Target Support Files/Pods-ZRSAdPicView_Tests/Pods-ZRSAdPicView_Tests.debug.xcconfig"; sourceTree = "<group>"; };
		DB2AC63A385BE0809EFE9222 /* Pods-ZRSAdPicView_Example.debug.xcconfig */ = {isa = PBXFileReference; includeInIndex = 1; lastKnownFileType = text.xcconfig; name = "Pods-ZRSAdPicView_Example.debug.xcconfig"; path = "Pods/Target Support Files/Pods-ZRSAdPicView_Example/Pods-ZRSAdPicView_Example.debug.xcconfig"; sourceTree = "<group>"; };
/* End PBXFileReference section */

/* Begin PBXFrameworksBuildPhase section */
		6003F587195388D20070C39A /* Frameworks */ = {
			isa = PBXFrameworksBuildPhase;
			buildActionMask = 2147483647;
			files = (
				6003F590195388D20070C39A /* CoreGraphics.framework in Frameworks */,
				6003F592195388D20070C39A /* UIKit.framework in Frameworks */,
				6003F58E195388D20070C39A /* Foundation.framework in Frameworks */,
				65EEF71DE157314FB981D8B8 /* Pods_ZRSAdPicView_Example.framework in Frameworks */,
			);
			runOnlyForDeploymentPostprocessing = 0;
		};
		6003F5AB195388D20070C39A /* Frameworks */ = {
			isa = PBXFrameworksBuildPhase;
			buildActionMask = 2147483647;
			files = (
				6003F5B0195388D20070C39A /* XCTest.framework in Frameworks */,
				6003F5B2195388D20070C39A /* UIKit.framework in Frameworks */,
				6003F5B1195388D20070C39A /* Foundation.framework in Frameworks */,
				32363177CA48C65C0B414AC7 /* Pods_ZRSAdPicView_Tests.framework in Frameworks */,
			);
			runOnlyForDeploymentPostprocessing = 0;
		};
/* End PBXFrameworksBuildPhase section */

/* Begin PBXGroup section */
		30E68EE8AA406D9A906005F7 /* Pods */ = {
			isa = PBXGroup;
			children = (
				DB2AC63A385BE0809EFE9222 /* Pods-ZRSAdPicView_Example.debug.xcconfig */,
				814B1ABB04423577D6D23CDD /* Pods-ZRSAdPicView_Example.release.xcconfig */,
				BDDDD59B0C358DB8D5A76078 /* Pods-ZRSAdPicView_Tests.debug.xcconfig */,
				0A92CF57C53327894A0A51BE /* Pods-ZRSAdPicView_Tests.release.xcconfig */,
			);
			name = Pods;
			sourceTree = "<group>";
		};
		6003F581195388D10070C39A = {
			isa = PBXGroup;
			children = (
				60FF7A9C1954A5C5007DD14C /* Podspec Metadata */,
				6003F593195388D20070C39A /* Example for ZRSAdPicView */,
				6003F5B5195388D20070C39A /* Tests */,
				6003F58C195388D20070C39A /* Frameworks */,
				6003F58B195388D20070C39A /* Products */,
				30E68EE8AA406D9A906005F7 /* Pods */,
			);
			sourceTree = "<group>";
		};
		6003F58B195388D20070C39A /* Products */ = {
			isa = PBXGroup;
			children = (
				6003F58A195388D20070C39A /* ZRSAdPicView_Example.app */,
				6003F5AE195388D20070C39A /* ZRSAdPicView_Tests.xctest */,
			);
			name = Products;
			sourceTree = "<group>";
		};
		6003F58C195388D20070C39A /* Frameworks */ = {
			isa = PBXGroup;
			children = (
				6003F58D195388D20070C39A /* Foundation.framework */,
				6003F58F195388D20070C39A /* CoreGraphics.framework */,
				6003F591195388D20070C39A /* UIKit.framework */,
				6003F5AF195388D20070C39A /* XCTest.framework */,
				AB21A5151667F7979CD39D47 /* Pods_ZRSAdPicView_Example.framework */,
				15528FE6369F8B21B5FD5ACD /* Pods_ZRSAdPicView_Tests.framework */,
			);
			name = Frameworks;
			sourceTree = "<group>";
		};
		6003F593195388D20070C39A /* Example for ZRSAdPicView */ = {
			isa = PBXGroup;
			children = (
				84DE7EE720A02F4C002E0D15 /* SDWebImage */,
				84DE7EDF209FE871002E0D15 /* Classes */,
				6003F59C195388D20070C39A /* ZRSAppDelegate.h */,
				6003F59D195388D20070C39A /* ZRSAppDelegate.m */,
				873B8AEA1B1F5CCA007FD442 /* Main.storyboard */,
				6003F5A5195388D20070C39A /* ZRSViewController.h */,
				6003F5A6195388D20070C39A /* ZRSViewController.m */,
				84DE7EE420A02D77002E0D15 /* ZRSAdPicModel.h */,
				84DE7EE520A02D77002E0D15 /* ZRSAdPicModel.m */,
				71719F9D1E33DC2100824A3D /* LaunchScreen.storyboard */,
				6003F5A8195388D20070C39A /* Images.xcassets */,
				6003F594195388D20070C39A /* Supporting Files */,
			);
			name = "Example for ZRSAdPicView";
			path = ZRSAdPicView;
			sourceTree = "<group>";
		};
		6003F594195388D20070C39A /* Supporting Files */ = {
			isa = PBXGroup;
			children = (
				6003F595195388D20070C39A /* ZRSAdPicView-Info.plist */,
				6003F596195388D20070C39A /* InfoPlist.strings */,
				6003F599195388D20070C39A /* main.m */,
				6003F59B195388D20070C39A /* ZRSAdPicView-Prefix.pch */,
			);
			name = "Supporting Files";
			sourceTree = "<group>";
		};
		6003F5B5195388D20070C39A /* Tests */ = {
			isa = PBXGroup;
			children = (
				6003F5BB195388D20070C39A /* Tests.m */,
				6003F5B6195388D20070C39A /* Supporting Files */,
			);
			path = Tests;
			sourceTree = "<group>";
		};
		6003F5B6195388D20070C39A /* Supporting Files */ = {
			isa = PBXGroup;
			children = (
				6003F5B7195388D20070C39A /* Tests-Info.plist */,
				6003F5B8195388D20070C39A /* InfoPlist.strings */,
				606FC2411953D9B200FFA9A0 /* Tests-Prefix.pch */,
			);
			name = "Supporting Files";
			sourceTree = "<group>";
		};
		60FF7A9C1954A5C5007DD14C /* Podspec Metadata */ = {
			isa = PBXGroup;
			children = (
				4A66E52BE14CCC6268F3A228 /* ZRSAdPicView.podspec */,
				1C9CF7E21E66DB4D5EF7362A /* README.md */,
				3218A96FE7329E13CBBE57BA /* LICENSE */,
			);
			name = "Podspec Metadata";
			sourceTree = "<group>";
		};
		84DE7EDF209FE871002E0D15 /* Classes */ = {
			isa = PBXGroup;
			children = (
				84DE7EE0209FE89A002E0D15 /* ZRSAdPicProtocol.h */,
				84DE7EE1209FE8AE002E0D15 /* ZRSAdPicView.h */,
				84DE7EE2209FE8AE002E0D15 /* ZRSAdPicView.m */,
			);
			path = Classes;
			sourceTree = "<group>";
		};
		84DE7EE720A02F4C002E0D15 /* SDWebImage */ = {
			isa = PBXGroup;
			children = (
				84DE7EE820A02F4C002E0D15 /* LICENSE */,
				84DE7EE920A02F4C002E0D15 /* README.md */,
				84DE7EEA20A02F4C002E0D15 /* SDWebImage */,
			);
			path = SDWebImage;
			sourceTree = "<group>";
		};
		84DE7EEA20A02F4C002E0D15 /* SDWebImage */ = {
			isa = PBXGroup;
			children = (
				84DE7EEB20A02F4C002E0D15 /* NSData+ImageContentType.h */,
				84DE7EEC20A02F4C002E0D15 /* NSData+ImageContentType.m */,
				84DE7EED20A02F4C002E0D15 /* SDImageCache.h */,
				84DE7EEE20A02F4C002E0D15 /* SDImageCache.m */,
				84DE7EEF20A02F4C002E0D15 /* SDWebImageCompat.h */,
				84DE7EF020A02F4C002E0D15 /* SDWebImageCompat.m */,
				84DE7EF120A02F4C002E0D15 /* SDWebImageDecoder.h */,
				84DE7EF220A02F4C002E0D15 /* SDWebImageDecoder.m */,
				84DE7EF320A02F4C002E0D15 /* SDWebImageDownloader.h */,
				84DE7EF420A02F4C002E0D15 /* SDWebImageDownloader.m */,
				84DE7EF520A02F4C002E0D15 /* SDWebImageDownloaderOperation.h */,
				84DE7EF620A02F4C002E0D15 /* SDWebImageDownloaderOperation.m */,
				84DE7EF720A02F4C002E0D15 /* SDWebImageManager.h */,
				84DE7EF820A02F4C002E0D15 /* SDWebImageManager.m */,
				84DE7EF920A02F4C002E0D15 /* SDWebImageOperation.h */,
				84DE7EFA20A02F4C002E0D15 /* SDWebImagePrefetcher.h */,
				84DE7EFB20A02F4C002E0D15 /* SDWebImagePrefetcher.m */,
				84DE7EFC20A02F4C002E0D15 /* UIButton+WebCache.h */,
				84DE7EFD20A02F4C002E0D15 /* UIButton+WebCache.m */,
				84DE7EFE20A02F4C002E0D15 /* UIImage+GIF.h */,
				84DE7EFF20A02F4C002E0D15 /* UIImage+GIF.m */,
				84DE7F0020A02F4C002E0D15 /* UIImage+MultiFormat.h */,
				84DE7F0120A02F4C002E0D15 /* UIImage+MultiFormat.m */,
				84DE7F0220A02F4C002E0D15 /* UIImageView+HighlightedWebCache.h */,
				84DE7F0320A02F4C002E0D15 /* UIImageView+HighlightedWebCache.m */,
				84DE7F0420A02F4C002E0D15 /* UIImageView+WebCache.h */,
				84DE7F0520A02F4C002E0D15 /* UIImageView+WebCache.m */,
				84DE7F0620A02F4C002E0D15 /* UIView+WebCacheOperation.h */,
				84DE7F0720A02F4C002E0D15 /* UIView+WebCacheOperation.m */,
			);
			path = SDWebImage;
			sourceTree = "<group>";
		};
/* End PBXGroup section */

/* Begin PBXNativeTarget section */
		6003F589195388D20070C39A /* ZRSAdPicView_Example */ = {
			isa = PBXNativeTarget;
			buildConfigurationList = 6003F5BF195388D20070C39A /* Build configuration list for PBXNativeTarget "ZRSAdPicView_Example" */;
			buildPhases = (
				8454368293B81D6014DD213A /* [CP] Check Pods Manifest.lock */,
				6003F586195388D20070C39A /* Sources */,
				6003F587195388D20070C39A /* Frameworks */,
				6003F588195388D20070C39A /* Resources */,
				2AA9722AF6845E5332E8ED9F /* [CP] Embed Pods Frameworks */,
			);
			buildRules = (
			);
			dependencies = (
			);
			name = ZRSAdPicView_Example;
			productName = ZRSAdPicView;
			productReference = 6003F58A195388D20070C39A /* ZRSAdPicView_Example.app */;
			productType = "com.apple.product-type.application";
		};
		6003F5AD195388D20070C39A /* ZRSAdPicView_Tests */ = {
			isa = PBXNativeTarget;
			buildConfigurationList = 6003F5C2195388D20070C39A /* Build configuration list for PBXNativeTarget "ZRSAdPicView_Tests" */;
			buildPhases = (
				2B5ABCC7FA88BB1D58DB3319 /* [CP] Check Pods Manifest.lock */,
				6003F5AA195388D20070C39A /* Sources */,
				6003F5AB195388D20070C39A /* Frameworks */,
				6003F5AC195388D20070C39A /* Resources */,
				CDAE8503E90B1A884B5E4D16 /* [CP] Embed Pods Frameworks */,
			);
			buildRules = (
			);
			dependencies = (
				6003F5B4195388D20070C39A /* PBXTargetDependency */,
			);
			name = ZRSAdPicView_Tests;
			productName = ZRSAdPicViewTests;
			productReference = 6003F5AE195388D20070C39A /* ZRSAdPicView_Tests.xctest */;
			productType = "com.apple.product-type.bundle.unit-test";
		};
/* End PBXNativeTarget section */

/* Begin PBXProject section */
		6003F582195388D10070C39A /* Project object */ = {
			isa = PBXProject;
			attributes = {
				CLASSPREFIX = ZRS;
				LastUpgradeCheck = 0720;
				ORGANIZATIONNAME = Rathen;
				TargetAttributes = {
					6003F589195388D20070C39A = {
						DevelopmentTeam = 4WA57476Z2;
					};
					6003F5AD195388D20070C39A = {
						TestTargetID = 6003F589195388D20070C39A;
					};
				};
			};
			buildConfigurationList = 6003F585195388D10070C39A /* Build configuration list for PBXProject "ZRSAdPicView" */;
			compatibilityVersion = "Xcode 3.2";
			developmentRegion = English;
			hasScannedForEncodings = 0;
			knownRegions = (
				en,
				Base,
			);
			mainGroup = 6003F581195388D10070C39A;
			productRefGroup = 6003F58B195388D20070C39A /* Products */;
			projectDirPath = "";
			projectRoot = "";
			targets = (
				6003F589195388D20070C39A /* ZRSAdPicView_Example */,
				6003F5AD195388D20070C39A /* ZRSAdPicView_Tests */,
			);
		};
/* End PBXProject section */

/* Begin PBXResourcesBuildPhase section */
		6003F588195388D20070C39A /* Resources */ = {
			isa = PBXResourcesBuildPhase;
			buildActionMask = 2147483647;
			files = (
				84DE7F0920A02F4C002E0D15 /* README.md in Resources */,
				873B8AEB1B1F5CCA007FD442 /* Main.storyboard in Resources */,
				71719F9F1E33DC2100824A3D /* LaunchScreen.storyboard in Resources */,
				6003F5A9195388D20070C39A /* Images.xcassets in Resources */,
				6003F598195388D20070C39A /* InfoPlist.strings in Resources */,
				84DE7F0820A02F4C002E0D15 /* LICENSE in Resources */,
			);
			runOnlyForDeploymentPostprocessing = 0;
		};
		6003F5AC195388D20070C39A /* Resources */ = {
			isa = PBXResourcesBuildPhase;
			buildActionMask = 2147483647;
			files = (
				6003F5BA195388D20070C39A /* InfoPlist.strings in Resources */,
			);
			runOnlyForDeploymentPostprocessing = 0;
		};
/* End PBXResourcesBuildPhase section */

/* Begin PBXShellScriptBuildPhase section */
		2AA9722AF6845E5332E8ED9F /* [CP] Embed Pods Frameworks */ = {
			isa = PBXShellScriptBuildPhase;
			buildActionMask = 2147483647;
			files = (
			);
			inputPaths = (
				"${SRCROOT}/Pods/Target Support Files/Pods-ZRSAdPicView_Example/Pods-ZRSAdPicView_Example-frameworks.sh",
				"${BUILT_PRODUCTS_DIR}/ZRSAdPicView/ZRSAdPicView.framework",
			);
			name = "[CP] Embed Pods Frameworks";
			outputPaths = (
				"${TARGET_BUILD_DIR}/${FRAMEWORKS_FOLDER_PATH}/ZRSAdPicView.framework",
			);
			runOnlyForDeploymentPostprocessing = 0;
			shellPath = /bin/sh;
			shellScript = "\"${SRCROOT}/Pods/Target Support Files/Pods-ZRSAdPicView_Example/Pods-ZRSAdPicView_Example-frameworks.sh\"\n";
			showEnvVarsInLog = 0;
		};
		2B5ABCC7FA88BB1D58DB3319 /* [CP] Check Pods Manifest.lock */ = {
			isa = PBXShellScriptBuildPhase;
			buildActionMask = 2147483647;
			files = (
			);
			inputPaths = (
				"${PODS_PODFILE_DIR_PATH}/Podfile.lock",
				"${PODS_ROOT}/Manifest.lock",
			);
			name = "[CP] Check Pods Manifest.lock";
			outputPaths = (
				"$(DERIVED_FILE_DIR)/Pods-ZRSAdPicView_Tests-checkManifestLockResult.txt",
			);
			runOnlyForDeploymentPostprocessing = 0;
			shellPath = /bin/sh;
			shellScript = "diff \"${PODS_PODFILE_DIR_PATH}/Podfile.lock\" \"${PODS_ROOT}/Manifest.lock\" > /dev/null\nif [ $? != 0 ] ; then\n    # print error to STDERR\n    echo \"error: The sandbox is not in sync with the Podfile.lock. Run 'pod install' or update your CocoaPods installation.\" >&2\n    exit 1\nfi\n# This output is used by Xcode 'outputs' to avoid re-running this script phase.\necho \"SUCCESS\" > \"${SCRIPT_OUTPUT_FILE_0}\"\n";
			showEnvVarsInLog = 0;
		};
		8454368293B81D6014DD213A /* [CP] Check Pods Manifest.lock */ = {
			isa = PBXShellScriptBuildPhase;
			buildActionMask = 2147483647;
			files = (
			);
			inputPaths = (
				"${PODS_PODFILE_DIR_PATH}/Podfile.lock",
				"${PODS_ROOT}/Manifest.lock",
			);
			name = "[CP] Check Pods Manifest.lock";
			outputPaths = (
				"$(DERIVED_FILE_DIR)/Pods-ZRSAdPicView_Example-checkManifestLockResult.txt",
			);
			runOnlyForDeploymentPostprocessing = 0;
			shellPath = /bin/sh;
			shellScript = "diff \"${PODS_PODFILE_DIR_PATH}/Podfile.lock\" \"${PODS_ROOT}/Manifest.lock\" > /dev/null\nif [ $? != 0 ] ; then\n    # print error to STDERR\n    echo \"error: The sandbox is not in sync with the Podfile.lock. Run 'pod install' or update your CocoaPods installation.\" >&2\n    exit 1\nfi\n# This output is used by Xcode 'outputs' to avoid re-running this script phase.\necho \"SUCCESS\" > \"${SCRIPT_OUTPUT_FILE_0}\"\n";
			showEnvVarsInLog = 0;
		};
		CDAE8503E90B1A884B5E4D16 /* [CP] Embed Pods Frameworks */ = {
			isa = PBXShellScriptBuildPhase;
			buildActionMask = 2147483647;
			files = (
			);
			inputPaths = (
				"${SRCROOT}/Pods/Target Support Files/Pods-ZRSAdPicView_Tests/Pods-ZRSAdPicView_Tests-frameworks.sh",
				"${BUILT_PRODUCTS_DIR}/FBSnapshotTestCase/FBSnapshotTestCase.framework",
			);
			name = "[CP] Embed Pods Frameworks";
			outputPaths = (
				"${TARGET_BUILD_DIR}/${FRAMEWORKS_FOLDER_PATH}/FBSnapshotTestCase.framework",
			);
			runOnlyForDeploymentPostprocessing = 0;
			shellPath = /bin/sh;
			shellScript = "\"${SRCROOT}/Pods/Target Support Files/Pods-ZRSAdPicView_Tests/Pods-ZRSAdPicView_Tests-frameworks.sh\"\n";
			showEnvVarsInLog = 0;
		};
/* End PBXShellScriptBuildPhase section */

/* Begin PBXSourcesBuildPhase section */
		6003F586195388D20070C39A /* Sources */ = {
			isa = PBXSourcesBuildPhase;
			buildActionMask = 2147483647;
			files = (
				84DE7F1520A02F4C002E0D15 /* UIImageView+HighlightedWebCache.m in Sources */,
				84DE7F1420A02F4C002E0D15 /* UIImage+MultiFormat.m in Sources */,
				84DE7F0F20A02F4C002E0D15 /* SDWebImageDownloaderOperation.m in Sources */,
				84DE7EE3209FE8AE002E0D15 /* ZRSAdPicView.m in Sources */,
				84DE7F0C20A02F4C002E0D15 /* SDWebImageCompat.m in Sources */,
				84DE7F1720A02F4C002E0D15 /* UIView+WebCacheOperation.m in Sources */,
				84DE7F1320A02F4C002E0D15 /* UIImage+GIF.m in Sources */,
				84DE7F1120A02F4C002E0D15 /* SDWebImagePrefetcher.m in Sources */,
				84DE7EE620A02D77002E0D15 /* ZRSAdPicModel.m in Sources */,
				6003F59E195388D20070C39A /* ZRSAppDelegate.m in Sources */,
				84DE7F0E20A02F4C002E0D15 /* SDWebImageDownloader.m in Sources */,
				84DE7F1220A02F4C002E0D15 /* UIButton+WebCache.m in Sources */,
				6003F5A7195388D20070C39A /* ZRSViewController.m in Sources */,
				84DE7F0A20A02F4C002E0D15 /* NSData+ImageContentType.m in Sources */,
				6003F59A195388D20070C39A /* main.m in Sources */,
				84DE7F1620A02F4C002E0D15 /* UIImageView+WebCache.m in Sources */,
				84DE7F1020A02F4C002E0D15 /* SDWebImageManager.m in Sources */,
				84DE7F0D20A02F4C002E0D15 /* SDWebImageDecoder.m in Sources */,
				84DE7F0B20A02F4C002E0D15 /* SDImageCache.m in Sources */,
			);
			runOnlyForDeploymentPostprocessing = 0;
		};
		6003F5AA195388D20070C39A /* Sources */ = {
			isa = PBXSourcesBuildPhase;
			buildActionMask = 2147483647;
			files = (
				6003F5BC195388D20070C39A /* Tests.m in Sources */,
			);
			runOnlyForDeploymentPostprocessing = 0;
		};
/* End PBXSourcesBuildPhase section */

/* Begin PBXTargetDependency section */
		6003F5B4195388D20070C39A /* PBXTargetDependency */ = {
			isa = PBXTargetDependency;
			target = 6003F589195388D20070C39A /* ZRSAdPicView_Example */;
			targetProxy = 6003F5B3195388D20070C39A /* PBXContainerItemProxy */;
		};
/* End PBXTargetDependency section */

/* Begin PBXVariantGroup section */
		6003F596195388D20070C39A /* InfoPlist.strings */ = {
			isa = PBXVariantGroup;
			children = (
				6003F597195388D20070C39A /* en */,
			);
			name = InfoPlist.strings;
			sourceTree = "<group>";
		};
		6003F5B8195388D20070C39A /* InfoPlist.strings */ = {
			isa = PBXVariantGroup;
			children = (
				6003F5B9195388D20070C39A /* en */,
			);
			name = InfoPlist.strings;
			sourceTree = "<group>";
		};
		71719F9D1E33DC2100824A3D /* LaunchScreen.storyboard */ = {
			isa = PBXVariantGroup;
			children = (
				71719F9E1E33DC2100824A3D /* Base */,
			);
			name = LaunchScreen.storyboard;
			sourceTree = "<group>";
		};
/* End PBXVariantGroup section */

/* Begin XCBuildConfiguration section */
		6003F5BD195388D20070C39A /* Debug */ = {
			isa = XCBuildConfiguration;
			buildSettings = {
				ALWAYS_SEARCH_USER_PATHS = NO;
				CLANG_CXX_LANGUAGE_STANDARD = "gnu++0x";
				CLANG_CXX_LIBRARY = "libc++";
				CLANG_ENABLE_MODULES = YES;
				CLANG_ENABLE_OBJC_ARC = YES;
				CLANG_WARN_BOOL_CONVERSION = YES;
				CLANG_WARN_CONSTANT_CONVERSION = YES;
				CLANG_WARN_DIRECT_OBJC_ISA_USAGE = YES_ERROR;
				CLANG_WARN_EMPTY_BODY = YES;
				CLANG_WARN_ENUM_CONVERSION = YES;
				CLANG_WARN_INT_CONVERSION = YES;
				CLANG_WARN_OBJC_ROOT_CLASS = YES_ERROR;
				CLANG_WARN__DUPLICATE_METHOD_MATCH = YES;
				"CODE_SIGN_IDENTITY[sdk=iphoneos*]" = "iPhone Developer";
				COPY_PHASE_STRIP = NO;
				ENABLE_TESTABILITY = YES;
				GCC_C_LANGUAGE_STANDARD = gnu99;
				GCC_DYNAMIC_NO_PIC = NO;
				GCC_OPTIMIZATION_LEVEL = 0;
				GCC_PREPROCESSOR_DEFINITIONS = (
					"DEBUG=1",
					"$(inherited)",
				);
				GCC_SYMBOLS_PRIVATE_EXTERN = NO;
				GCC_WARN_64_TO_32_BIT_CONVERSION = YES;
				GCC_WARN_ABOUT_RETURN_TYPE = YES_ERROR;
				GCC_WARN_UNDECLARED_SELECTOR = YES;
				GCC_WARN_UNINITIALIZED_AUTOS = YES_AGGRESSIVE;
				GCC_WARN_UNUSED_FUNCTION = YES;
				GCC_WARN_UNUSED_VARIABLE = YES;
				IPHONEOS_DEPLOYMENT_TARGET = 9.3;
				ONLY_ACTIVE_ARCH = YES;
				SDKROOT = iphoneos;
				TARGETED_DEVICE_FAMILY = "1,2";
			};
			name = Debug;
		};
		6003F5BE195388D20070C39A /* Release */ = {
			isa = XCBuildConfiguration;
			buildSettings = {
				ALWAYS_SEARCH_USER_PATHS = NO;
				CLANG_CXX_LANGUAGE_STANDARD = "gnu++0x";
				CLANG_CXX_LIBRARY = "libc++";
				CLANG_ENABLE_MODULES = YES;
				CLANG_ENABLE_OBJC_ARC = YES;
				CLANG_WARN_BOOL_CONVERSION = YES;
				CLANG_WARN_CONSTANT_CONVERSION = YES;
				CLANG_WARN_DIRECT_OBJC_ISA_USAGE = YES_ERROR;
				CLANG_WARN_EMPTY_BODY = YES;
				CLANG_WARN_ENUM_CONVERSION = YES;
				CLANG_WARN_INT_CONVERSION = YES;
				CLANG_WARN_OBJC_ROOT_CLASS = YES_ERROR;
				CLANG_WARN__DUPLICATE_METHOD_MATCH = YES;
				"CODE_SIGN_IDENTITY[sdk=iphoneos*]" = "iPhone Developer";
				COPY_PHASE_STRIP = YES;
				ENABLE_NS_ASSERTIONS = NO;
				GCC_C_LANGUAGE_STANDARD = gnu99;
				GCC_WARN_64_TO_32_BIT_CONVERSION = YES;
				GCC_WARN_ABOUT_RETURN_TYPE = YES_ERROR;
				GCC_WARN_UNDECLARED_SELECTOR = YES;
				GCC_WARN_UNINITIALIZED_AUTOS = YES_AGGRESSIVE;
				GCC_WARN_UNUSED_FUNCTION = YES;
				GCC_WARN_UNUSED_VARIABLE = YES;
				IPHONEOS_DEPLOYMENT_TARGET = 9.3;
				SDKROOT = iphoneos;
				TARGETED_DEVICE_FAMILY = "1,2";
				VALIDATE_PRODUCT = YES;
			};
			name = Release;
		};
		6003F5C0195388D20070C39A /* Debug */ = {
			isa = XCBuildConfiguration;
			baseConfigurationReference = DB2AC63A385BE0809EFE9222 /* Pods-ZRSAdPicView_Example.debug.xcconfig */;
			buildSettings = {
				ASSETCATALOG_COMPILER_APPICON_NAME = AppIcon;
				DEVELOPMENT_TEAM = 4WA57476Z2;
				GCC_PRECOMPILE_PREFIX_HEADER = YES;
				GCC_PREFIX_HEADER = "ZRSAdPicView/ZRSAdPicView-Prefix.pch";
				INFOPLIST_FILE = "ZRSAdPicView/ZRSAdPicView-Info.plist";
				IPHONEOS_DEPLOYMENT_TARGET = 8.0;
				MODULE_NAME = ExampleApp;
				PRODUCT_BUNDLE_IDENTIFIER = "org.cocoapods.demo.${PRODUCT_NAME:rfc1034identifier}";
				PRODUCT_NAME = "$(TARGET_NAME)";
				WRAPPER_EXTENSION = app;
			};
			name = Debug;
		};
		6003F5C1195388D20070C39A /* Release */ = {
			isa = XCBuildConfiguration;
			baseConfigurationReference = 814B1ABB04423577D6D23CDD /* Pods-ZRSAdPicView_Example.release.xcconfig */;
			buildSettings = {
				ASSETCATALOG_COMPILER_APPICON_NAME = AppIcon;
				DEVELOPMENT_TEAM = 4WA57476Z2;
				GCC_PRECOMPILE_PREFIX_HEADER = YES;
				GCC_PREFIX_HEADER = "ZRSAdPicView/ZRSAdPicView-Prefix.pch";
				INFOPLIST_FILE = "ZRSAdPicView/ZRSAdPicView-Info.plist";
				IPHONEOS_DEPLOYMENT_TARGET = 8.0;
				MODULE_NAME = ExampleApp;
				PRODUCT_BUNDLE_IDENTIFIER = "org.cocoapods.demo.${PRODUCT_NAME:rfc1034identifier}";
				PRODUCT_NAME = "$(TARGET_NAME)";
				WRAPPER_EXTENSION = app;
			};
			name = Release;
		};
		6003F5C3195388D20070C39A /* Debug */ = {
			isa = XCBuildConfiguration;
			baseConfigurationReference = BDDDD59B0C358DB8D5A76078 /* Pods-ZRSAdPicView_Tests.debug.xcconfig */;
			buildSettings = {
				BUNDLE_LOADER = "$(TEST_HOST)";
				FRAMEWORK_SEARCH_PATHS = (
					"$(SDKROOT)/Developer/Library/Frameworks",
					"$(inherited)",
					"$(DEVELOPER_FRAMEWORKS_DIR)",
				);
				GCC_PRECOMPILE_PREFIX_HEADER = YES;
				GCC_PREFIX_HEADER = "Tests/Tests-Prefix.pch";
				GCC_PREPROCESSOR_DEFINITIONS = (
					"DEBUG=1",
					"$(inherited)",
				);
				INFOPLIST_FILE = "Tests/Tests-Info.plist";
				PRODUCT_BUNDLE_IDENTIFIER = "org.cocoapods.demo.${PRODUCT_NAME:rfc1034identifier}";
				PRODUCT_NAME = "$(TARGET_NAME)";
				TEST_HOST = "$(BUILT_PRODUCTS_DIR)/ZRSAdPicView_Example.app/ZRSAdPicView_Example";
				WRAPPER_EXTENSION = xctest;
			};
			name = Debug;
		};
		6003F5C4195388D20070C39A /* Release */ = {
			isa = XCBuildConfiguration;
			baseConfigurationReference = 0A92CF57C53327894A0A51BE /* Pods-ZRSAdPicView_Tests.release.xcconfig */;
			buildSettings = {
				BUNDLE_LOADER = "$(TEST_HOST)";
				FRAMEWORK_SEARCH_PATHS = (
					"$(SDKROOT)/Developer/Library/Frameworks",
					"$(inherited)",
					"$(DEVELOPER_FRAMEWORKS_DIR)",
				);
				GCC_PRECOMPILE_PREFIX_HEADER = YES;
				GCC_PREFIX_HEADER = "Tests/Tests-Prefix.pch";
				INFOPLIST_FILE = "Tests/Tests-Info.plist";
				PRODUCT_BUNDLE_IDENTIFIER = "org.cocoapods.demo.${PRODUCT_NAME:rfc1034identifier}";
				PRODUCT_NAME = "$(TARGET_NAME)";
				TEST_HOST = "$(BUILT_PRODUCTS_DIR)/ZRSAdPicView_Example.app/ZRSAdPicView_Example";
				WRAPPER_EXTENSION = xctest;
			};
			name = Release;
		};
/* End XCBuildConfiguration section */

/* Begin XCConfigurationList section */
		6003F585195388D10070C39A /* Build configuration list for PBXProject "ZRSAdPicView" */ = {
			isa = XCConfigurationList;
			buildConfigurations = (
				6003F5BD195388D20070C39A /* Debug */,
				6003F5BE195388D20070C39A /* Release */,
			);
			defaultConfigurationIsVisible = 0;
			defaultConfigurationName = Release;
		};
		6003F5BF195388D20070C39A /* Build configuration list for PBXNativeTarget "ZRSAdPicView_Example" */ = {
			isa = XCConfigurationList;
			buildConfigurations = (
				6003F5C0195388D20070C39A /* Debug */,
				6003F5C1195388D20070C39A /* Release */,
			);
			defaultConfigurationIsVisible = 0;
			defaultConfigurationName = Release;
		};
		6003F5C2195388D20070C39A /* Build configuration list for PBXNativeTarget "ZRSAdPicView_Tests" */ = {
			isa = XCConfigurationList;
			buildConfigurations = (
				6003F5C3195388D20070C39A /* Debug */,
				6003F5C4195388D20070C39A /* Release */,
			);
			defaultConfigurationIsVisible = 0;
			defaultConfigurationName = Release;
		};
/* End XCConfigurationList section */
	};
	rootObject = 6003F582195388D10070C39A /* Project object */;
}
